
Microsoft Visual Studio Solution File, Format Version 12.00
# Visual Studio Version 17
VisualStudioVersion = 17.0.31903.59
MinimumVisualStudioVersion = 10.0.40219.1
Project("{FAE04EC0-301F-11D3-BF4B-00C04F79EFBC}") = "Core", "Core\Core.csproj", "{D20D6FC6-0EEF-4D13-A1EE-853B2E0253FA}"
EndProject
Project("{FAE04EC0-301F-11D3-BF4B-00C04F79EFBC}") = "Infrastructure", "Infrastructure\Infrastructure.csproj", "{5F8B3FCE-4907-4D44-A1B5-78163CAD0340}"
EndProject
Project("{FAE04EC0-301F-11D3-BF4B-00C04F79EFBC}") = "App", "App\App.csproj", "{786FC9AF-8570-4973-BD9C-6B1CACA8FA11}"
EndProject
Project("{FAE04EC0-301F-11D3-BF4B-00C04F79EFBC}") = "API", "API\API.csproj", "{3B79162D-AFEE-4FE3-A394-FDCF1C20B6CB}"
EndProject
Global
	GlobalSection(SolutionConfigurationPlatforms) = preSolution
		Debug|Any CPU = Debug|Any CPU
		Release|Any CPU = Release|Any CPU
	EndGlobalSection
	GlobalSection(SolutionProperties) = preSolution
		HideSolutionNode = FALSE
	EndGlobalSection
	GlobalSection(ProjectConfigurationPlatforms) = postSolution
		{D20D6FC6-0EEF-4D13-A1EE-853B2E0253FA}.Debug|Any CPU.ActiveCfg = Debug|Any CPU
		{D20D6FC6-0EEF-4D13-A1EE-853B2E0253FA}.Debug|Any CPU.Build.0 = Debug|Any CPU
		{D20D6FC6-0EEF-4D13-A1EE-853B2E0253FA}.Release|Any CPU.ActiveCfg = Release|Any CPU
		{D20D6FC6-0EEF-4D13-A1EE-853B2E0253FA}.Release|Any CPU.Build.0 = Release|Any CPU
		{5F8B3FCE-4907-4D44-A1B5-78163CAD0340}.Debug|Any CPU.ActiveCfg = Debug|Any CPU
		{5F8B3FCE-4907-4D44-A1B5-78163CAD0340}.Debug|Any CPU.Build.0 = Debug|Any CPU
		{5F8B3FCE-4907-4D44-A1B5-78163CAD0340}.Release|Any CPU.ActiveCfg = Release|Any CPU
		{5F8B3FCE-4907-4D44-A1B5-78163CAD0340}.Release|Any CPU.Build.0 = Release|Any CPU
		{786FC9AF-8570-4973-BD9C-6B1CACA8FA11}.Debug|Any CPU.ActiveCfg = Debug|Any CPU
		{786FC9AF-8570-4973-BD9C-6B1CACA8FA11}.Debug|Any CPU.Build.0 = Debug|Any CPU
		{786FC9AF-8570-4973-BD9C-6B1CACA8FA11}.Release|Any CPU.ActiveCfg = Release|Any CPU
		{786FC9AF-8570-4973-BD9C-6B1CACA8FA11}.Release|Any CPU.Build.0 = Release|Any CPU
		{3B79162D-AFEE-4FE3-A394-FDCF1C20B6CB}.Debug|Any CPU.ActiveCfg = Debug|Any CPU
		{3B79162D-AFEE-4FE3-A394-FDCF1C20B6CB}.Debug|Any CPU.Build.0 = Debug|Any CPU
		{3B79162D-AFEE-4FE3-A394-FDCF1C20B6CB}.Release|Any CPU.ActiveCfg = Release|Any CPU
		{3B79162D-AFEE-4FE3-A394-FDCF1C20B6CB}.Release|Any CPU.Build.0 = Release|Any CPU
	EndGlobalSection
EndGlobal
